
Microsoft Visual Studio Solution File, Format Version 12.00
# Visual Studio Version 16
VisualStudioVersion = 16.0.31112.23
MinimumVisualStudioVersion = 10.0.40219.1
Project("{FAE04EC0-301F-11D3-BF4B-00C04F79EFBC}") = "RepositoryPattern", "RepositoryPattern\RepositoryPattern.csproj", "{08932299-8C25-490E-92F4-A67A0975B0FD}"
EndProject
Project("{FAE04EC0-301F-11D3-BF4B-00C04F79EFBC}") = "Models", "Models\Models.csproj", "{33B3298B-F23B-4863-8BB4-2E84903B58B6}"
EndProject
Project("{9A19103F-16F7-4668-BE54-9A1E7A4F7556}") = "Call", "Call\Call.csproj", "{77E4839F-D49F-4B84-88B1-4F34429DA6A2}"
EndProject
Global
	GlobalSection(SolutionConfigurationPlatforms) = preSolution
		Debug|Any CPU = Debug|Any CPU
		Release|Any CPU = Release|Any CPU
	EndGlobalSection
	GlobalSection(ProjectConfigurationPlatforms) = postSolution
		{08932299-8C25-490E-92F4-A67A0975B0FD}.Debug|Any CPU.ActiveCfg = Debug|Any CPU
		{08932299-8C25-490E-92F4-A67A0975B0FD}.Debug|Any CPU.Build.0 = Debug|Any CPU
		{08932299-8C25-490E-92F4-A67A0975B0FD}.Release|Any CPU.ActiveCfg = Release|Any CPU
		{08932299-8C25-490E-92F4-A67A0975B0FD}.Release|Any CPU.Build.0 = Release|Any CPU
		{33B3298B-F23B-4863-8BB4-2E84903B58B6}.Debug|Any CPU.ActiveCfg = Debug|Any CPU
		{33B3298B-F23B-4863-8BB4-2E84903B58B6}.Debug|Any CPU.Build.0 = Debug|Any CPU
		{33B3298B-F23B-4863-8BB4-2E84903B58B6}.Release|Any CPU.ActiveCfg = Release|Any CPU
		{33B3298B-F23B-4863-8BB4-2E84903B58B6}.Release|Any CPU.Build.0 = Release|Any CPU
		{77E4839F-D49F-4B84-88B1-4F34429DA6A2}.Debug|Any CPU.ActiveCfg = Debug|Any CPU
		{77E4839F-D49F-4B84-88B1-4F34429DA6A2}.Debug|Any CPU.Build.0 = Debug|Any CPU
		{77E4839F-D49F-4B84-88B1-4F34429DA6A2}.Release|Any CPU.ActiveCfg = Release|Any CPU
		{77E4839F-D49F-4B84-88B1-4F34429DA6A2}.Release|Any CPU.Build.0 = Release|Any CPU
	EndGlobalSection
	GlobalSection(SolutionProperties) = preSolution
		HideSolutionNode = FALSE
	EndGlobalSection
	GlobalSection(ExtensibilityGlobals) = postSolution
		SolutionGuid = {2FBD719E-107B-477F-9375-9FAA68763936}
	EndGlobalSection
EndGlobal
